
Microsoft Visual Studio Solution File, Format Version 12.00
# Visual Studio 14
VisualStudioVersion = 14.0.25123.0
MinimumVisualStudioVersion = 10.0.40219.1
Project("{2150E333-8FDC-42A3-9474-1A3956D46DE8}") = "Library", "Library", "{22E1FF9D-8646-4D0D-8E8F-001F26C8EDF9}"
	ProjectSection(SolutionItems) = preProject
		NControl.Controls\NControl.Controls.nuspec = NControl.Controls\NControl.Controls.nuspec
	EndProjectSection
EndProject
Project("{FAE04EC0-301F-11D3-BF4B-00C04F79EFBC}") = "NControl.Controls.iOS", "NControl.Controls\NControl.Controls.iOS\NControl.Controls.iOS.csproj", "{CF27E017-266D-4AFE-9D47-4E15AC78C049}"
EndProject
Project("{2150E333-8FDC-42A3-9474-1A3956D46DE8}") = "Demo", "Demo", "{97654689-EDE0-45C9-BF07-4C9A87FFF3EE}"
EndProject
Project("{FAE04EC0-301F-11D3-BF4B-00C04F79EFBC}") = "NControl.Controls.Demo.FormsApp", "NControl.ControlsDemo\NControl.Controls.Demo.FormsApp\NControl.Controls.Demo.FormsApp.csproj", "{117EA358-0C8E-46E6-BDD7-BC816E381237}"
EndProject
Project("{FAE04EC0-301F-11D3-BF4B-00C04F79EFBC}") = "NControl.Controls", "NControl.Controls\NControl.Controls\NControl.Controls.csproj", "{239D7367-336F-4372-93A1-5CC4BD2414FE}"
EndProject
Project("{FAE04EC0-301F-11D3-BF4B-00C04F79EFBC}") = "NControl.Controls.Droid", "NControl.Controls\NControl.Controls.Droid\NControl.Controls.Droid.csproj", "{9133C51A-D93C-46B4-AFA1-3C6BFC12FF55}"
EndProject
Project("{FAE04EC0-301F-11D3-BF4B-00C04F79EFBC}") = "NControl.Controls.Demo.FormsApp.iOS", "NControl.ControlsDemo\iOS\NControl.Controls.Demo.FormsApp.iOS.csproj", "{99B74290-FA90-4A08-B673-D1687EB9BCAB}"
EndProject
Project("{FAE04EC0-301F-11D3-BF4B-00C04F79EFBC}") = "NControl.Controls.Demo.FormsApp.Droid", "NControl.ControlsDemo\Droid\NControl.Controls.Demo.FormsApp.Droid.csproj", "{43A673BF-AF44-4340-9B1F-B204741EA34A}"
EndProject
Project("{FAE04EC0-301F-11D3-BF4B-00C04F79EFBC}") = "NControl.Controls.WP80", "NControl.Controls\NControl.Controls.WP80\NControl.Controls.WP80.csproj", "{74169B27-D403-4CC6-A143-B6DAF7BCF36C}"
EndProject
Project("{FAE04EC0-301F-11D3-BF4B-00C04F79EFBC}") = "NControl.Controls.Demo.FormsApp.WP80", "NControl.ControlsDemo\WP80\NControl.Controls.Demo.FormsApp.WP80.csproj", "{89CF6A12-0D3D-406F-BED1-01A9F989696D}"
EndProject
Project("{FAE04EC0-301F-11D3-BF4B-00C04F79EFBC}") = "NControl.Controls.WP81", "NControl.Controls\NControl.Controls.WP81\NControl.Controls.WP81.csproj", "{F8A2BB2F-BA3F-4FAD-B0C2-E004F8580717}"
EndProject
Project("{FAE04EC0-301F-11D3-BF4B-00C04F79EFBC}") = "NControl.Controls.Demo.FormsApp.WP81", "NControl.ControlsDemo\WP81\NControl.Controls.Demo.FormsApp.WP81.csproj", "{47428332-2782-47EC-B4BC-71AA7CAFBE2B}"
EndProject
Global
	GlobalSection(SolutionConfigurationPlatforms) = preSolution
		Ad-Hoc|Any CPU = Ad-Hoc|Any CPU
		Ad-Hoc|ARM = Ad-Hoc|ARM
		Ad-Hoc|iPhone = Ad-Hoc|iPhone
		Ad-Hoc|iPhoneSimulator = Ad-Hoc|iPhoneSimulator
		Ad-Hoc|Mixed Platforms = Ad-Hoc|Mixed Platforms
		Ad-Hoc|x86 = Ad-Hoc|x86
		AppStore|Any CPU = AppStore|Any CPU
		AppStore|ARM = AppStore|ARM
		AppStore|iPhone = AppStore|iPhone
		AppStore|iPhoneSimulator = AppStore|iPhoneSimulator
		AppStore|Mixed Platforms = AppStore|Mixed Platforms
		AppStore|x86 = AppStore|x86
		Debug|Any CPU = Debug|Any CPU
		Debug|ARM = Debug|ARM
		Debug|iPhone = Debug|iPhone
		Debug|iPhoneSimulator = Debug|iPhoneSimulator
		Debug|Mixed Platforms = Debug|Mixed Platforms
		Debug|x86 = Debug|x86
		Release|Any CPU = Release|Any CPU
		Release|ARM = Release|ARM
		Release|iPhone = Release|iPhone
		Release|iPhoneSimulator = Release|iPhoneSimulator
		Release|Mixed Platforms = Release|Mixed Platforms
		Release|x86 = Release|x86
	EndGlobalSection
	GlobalSection(ProjectConfigurationPlatforms) = postSolution
		{CF27E017-266D-4AFE-9D47-4E15AC78C049}.Ad-Hoc|Any CPU.ActiveCfg = Debug|Any CPU
		{CF27E017-266D-4AFE-9D47-4E15AC78C049}.Ad-Hoc|Any CPU.Build.0 = Debug|Any CPU
		{CF27E017-266D-4AFE-9D47-4E15AC78C049}.Ad-Hoc|ARM.ActiveCfg = Debug|Any CPU
		{CF27E017-266D-4AFE-9D47-4E15AC78C049}.Ad-Hoc|ARM.Build.0 = Debug|Any CPU
		{CF27E017-266D-4AFE-9D47-4E15AC78C049}.Ad-Hoc|iPhone.ActiveCfg = Debug|Any CPU
		{CF27E017-266D-4AFE-9D47-4E15AC78C049}.Ad-Hoc|iPhone.Build.0 = Debug|Any CPU
		{CF27E017-266D-4AFE-9D47-4E15AC78C049}.Ad-Hoc|iPhoneSimulator.ActiveCfg = Debug|Any CPU
		{CF27E017-266D-4AFE-9D47-4E15AC78C049}.Ad-Hoc|iPhoneSimulator.Build.0 = Debug|Any CPU
		{CF27E017-266D-4AFE-9D47-4E15AC78C049}.Ad-Hoc|Mixed Platforms.ActiveCfg = Debug|Any CPU
		{CF27E017-266D-4AFE-9D47-4E15AC78C049}.Ad-Hoc|Mixed Platforms.Build.0 = Debug|Any CPU
		{CF27E017-266D-4AFE-9D47-4E15AC78C049}.Ad-Hoc|x86.ActiveCfg = Debug|Any CPU
		{CF27E017-266D-4AFE-9D47-4E15AC78C049}.Ad-Hoc|x86.Build.0 = Debug|Any CPU
		{CF27E017-266D-4AFE-9D47-4E15AC78C049}.AppStore|Any CPU.ActiveCfg = Debug|Any CPU
		{CF27E017-266D-4AFE-9D47-4E15AC78C049}.AppStore|Any CPU.Build.0 = Debug|Any CPU
		{CF27E017-266D-4AFE-9D47-4E15AC78C049}.AppStore|ARM.ActiveCfg = Debug|Any CPU
		{CF27E017-266D-4AFE-9D47-4E15AC78C049}.AppStore|ARM.Build.0 = Debug|Any CPU
		{CF27E017-266D-4AFE-9D47-4E15AC78C049}.AppStore|iPhone.ActiveCfg = Debug|Any CPU
		{CF27E017-266D-4AFE-9D47-4E15AC78C049}.AppStore|iPhone.Build.0 = Debug|Any CPU
		{CF27E017-266D-4AFE-9D47-4E15AC78C049}.AppStore|iPhoneSimulator.ActiveCfg = Debug|Any CPU
		{CF27E017-266D-4AFE-9D47-4E15AC78C049}.AppStore|iPhoneSimulator.Build.0 = Debug|Any CPU
		{CF27E017-266D-4AFE-9D47-4E15AC78C049}.AppStore|Mixed Platforms.ActiveCfg = Debug|Any CPU
		{CF27E017-266D-4AFE-9D47-4E15AC78C049}.AppStore|Mixed Platforms.Build.0 = Debug|Any CPU
		{CF27E017-266D-4AFE-9D47-4E15AC78C049}.AppStore|x86.ActiveCfg = Debug|Any CPU
		{CF27E017-266D-4AFE-9D47-4E15AC78C049}.AppStore|x86.Build.0 = Debug|Any CPU
		{CF27E017-266D-4AFE-9D47-4E15AC78C049}.Debug|Any CPU.ActiveCfg = Debug|Any CPU
		{CF27E017-266D-4AFE-9D47-4E15AC78C049}.Debug|Any CPU.Build.0 = Debug|Any CPU
		{CF27E017-266D-4AFE-9D47-4E15AC78C049}.Debug|ARM.ActiveCfg = Debug|Any CPU
		{CF27E017-266D-4AFE-9D47-4E15AC78C049}.Debug|ARM.Build.0 = Debug|Any CPU
		{CF27E017-266D-4AFE-9D47-4E15AC78C049}.Debug|iPhone.ActiveCfg = Debug|Any CPU
		{CF27E017-266D-4AFE-9D47-4E15AC78C049}.Debug|iPhone.Build.0 = Debug|Any CPU
		{CF27E017-266D-4AFE-9D47-4E15AC78C049}.Debug|iPhoneSimulator.ActiveCfg = Debug|Any CPU
		{CF27E017-266D-4AFE-9D47-4E15AC78C049}.Debug|iPhoneSimulator.Build.0 = Debug|Any CPU
		{CF27E017-266D-4AFE-9D47-4E15AC78C049}.Debug|Mixed Platforms.ActiveCfg = Debug|Any CPU
		{CF27E017-266D-4AFE-9D47-4E15AC78C049}.Debug|Mixed Platforms.Build.0 = Debug|Any CPU
		{CF27E017-266D-4AFE-9D47-4E15AC78C049}.Debug|x86.ActiveCfg = Debug|Any CPU
		{CF27E017-266D-4AFE-9D47-4E15AC78C049}.Debug|x86.Build.0 = Debug|Any CPU
		{CF27E017-266D-4AFE-9D47-4E15AC78C049}.Release|Any CPU.ActiveCfg = Release|Any CPU
		{CF27E017-266D-4AFE-9D47-4E15AC78C049}.Release|Any CPU.Build.0 = Release|Any CPU
		{CF27E017-266D-4AFE-9D47-4E15AC78C049}.Release|ARM.ActiveCfg = Release|Any CPU
		{CF27E017-266D-4AFE-9D47-4E15AC78C049}.Release|ARM.Build.0 = Release|Any CPU
		{CF27E017-266D-4AFE-9D47-4E15AC78C049}.Release|iPhone.ActiveCfg = Release|Any CPU
		{CF27E017-266D-4AFE-9D47-4E15AC78C049}.Release|iPhone.Build.0 = Release|Any CPU
		{CF27E017-266D-4AFE-9D47-4E15AC78C049}.Release|iPhoneSimulator.ActiveCfg = Release|Any CPU
		{CF27E017-266D-4AFE-9D47-4E15AC78C049}.Release|iPhoneSimulator.Build.0 = Release|Any CPU
		{CF27E017-266D-4AFE-9D47-4E15AC78C049}.Release|Mixed Platforms.ActiveCfg = Release|Any CPU
		{CF27E017-266D-4AFE-9D47-4E15AC78C049}.Release|Mixed Platforms.Build.0 = Release|Any CPU
		{CF27E017-266D-4AFE-9D47-4E15AC78C049}.Release|x86.ActiveCfg = Release|Any CPU
		{CF27E017-266D-4AFE-9D47-4E15AC78C049}.Release|x86.Build.0 = Release|Any CPU
		{117EA358-0C8E-46E6-BDD7-BC816E381237}.Ad-Hoc|Any CPU.ActiveCfg = Debug|Any CPU
		{117EA358-0C8E-46E6-BDD7-BC816E381237}.Ad-Hoc|Any CPU.Build.0 = Debug|Any CPU
		{117EA358-0C8E-46E6-BDD7-BC816E381237}.Ad-Hoc|ARM.ActiveCfg = Debug|Any CPU
		{117EA358-0C8E-46E6-BDD7-BC816E381237}.Ad-Hoc|ARM.Build.0 = Debug|Any CPU
		{117EA358-0C8E-46E6-BDD7-BC816E381237}.Ad-Hoc|iPhone.ActiveCfg = Debug|Any CPU
		{117EA358-0C8E-46E6-BDD7-BC816E381237}.Ad-Hoc|iPhone.Build.0 = Debug|Any CPU
		{117EA358-0C8E-46E6-BDD7-BC816E381237}.Ad-Hoc|iPhoneSimulator.ActiveCfg = Debug|Any CPU
		{117EA358-0C8E-46E6-BDD7-BC816E381237}.Ad-Hoc|iPhoneSimulator.Build.0 = Debug|Any CPU
		{117EA358-0C8E-46E6-BDD7-BC816E381237}.Ad-Hoc|Mixed Platforms.ActiveCfg = Debug|Any CPU
		{117EA358-0C8E-46E6-BDD7-BC816E381237}.Ad-Hoc|Mixed Platforms.Build.0 = Debug|Any CPU
		{117EA358-0C8E-46E6-BDD7-BC816E381237}.Ad-Hoc|x86.ActiveCfg = Debug|Any CPU
		{117EA358-0C8E-46E6-BDD7-BC816E381237}.Ad-Hoc|x86.Build.0 = Debug|Any CPU
		{117EA358-0C8E-46E6-BDD7-BC816E381237}.AppStore|Any CPU.ActiveCfg = Debug|Any CPU
		{117EA358-0C8E-46E6-BDD7-BC816E381237}.AppStore|Any CPU.Build.0 = Debug|Any CPU
		{117EA358-0C8E-46E6-BDD7-BC816E381237}.AppStore|ARM.ActiveCfg = Debug|Any CPU
		{117EA358-0C8E-46E6-BDD7-BC816E381237}.AppStore|ARM.Build.0 = Debug|Any CPU
		{117EA358-0C8E-46E6-BDD7-BC816E381237}.AppStore|iPhone.ActiveCfg = Debug|Any CPU
		{117EA358-0C8E-46E6-BDD7-BC816E381237}.AppStore|iPhone.Build.0 = Debug|Any CPU
		{117EA358-0C8E-46E6-BDD7-BC816E381237}.AppStore|iPhoneSimulator.ActiveCfg = Debug|Any CPU
		{117EA358-0C8E-46E6-BDD7-BC816E381237}.AppStore|iPhoneSimulator.Build.0 = Debug|Any CPU
		{117EA358-0C8E-46E6-BDD7-BC816E381237}.AppStore|Mixed Platforms.ActiveCfg = Debug|Any CPU
		{117EA358-0C8E-46E6-BDD7-BC816E381237}.AppStore|Mixed Platforms.Build.0 = Debug|Any CPU
		{117EA358-0C8E-46E6-BDD7-BC816E381237}.AppStore|x86.ActiveCfg = Debug|Any CPU
		{117EA358-0C8E-46E6-BDD7-BC816E381237}.AppStore|x86.Build.0 = Debug|Any CPU
		{117EA358-0C8E-46E6-BDD7-BC816E381237}.Debug|Any CPU.ActiveCfg = Debug|Any CPU
		{117EA358-0C8E-46E6-BDD7-BC816E381237}.Debug|Any CPU.Build.0 = Debug|Any CPU
		{117EA358-0C8E-46E6-BDD7-BC816E381237}.Debug|ARM.ActiveCfg = Debug|Any CPU
		{117EA358-0C8E-46E6-BDD7-BC816E381237}.Debug|ARM.Build.0 = Debug|Any CPU
		{117EA358-0C8E-46E6-BDD7-BC816E381237}.Debug|iPhone.ActiveCfg = Debug|Any CPU
		{117EA358-0C8E-46E6-BDD7-BC816E381237}.Debug|iPhone.Build.0 = Debug|Any CPU
		{117EA358-0C8E-46E6-BDD7-BC816E381237}.Debug|iPhoneSimulator.ActiveCfg = Debug|Any CPU
		{117EA358-0C8E-46E6-BDD7-BC816E381237}.Debug|iPhoneSimulator.Build.0 = Debug|Any CPU
		{117EA358-0C8E-46E6-BDD7-BC816E381237}.Debug|Mixed Platforms.ActiveCfg = Debug|Any CPU
		{117EA358-0C8E-46E6-BDD7-BC816E381237}.Debug|Mixed Platforms.Build.0 = Debug|Any CPU
		{117EA358-0C8E-46E6-BDD7-BC816E381237}.Debug|x86.ActiveCfg = Debug|Any CPU
		{117EA358-0C8E-46E6-BDD7-BC816E381237}.Debug|x86.Build.0 = Debug|Any CPU
		{117EA358-0C8E-46E6-BDD7-BC816E381237}.Release|Any CPU.ActiveCfg = Release|Any CPU
		{117EA358-0C8E-46E6-BDD7-BC816E381237}.Release|Any CPU.Build.0 = Release|Any CPU
		{117EA358-0C8E-46E6-BDD7-BC816E381237}.Release|ARM.ActiveCfg = Release|Any CPU
		{117EA358-0C8E-46E6-BDD7-BC816E381237}.Release|ARM.Build.0 = Release|Any CPU
		{117EA358-0C8E-46E6-BDD7-BC816E381237}.Release|iPhone.ActiveCfg = Release|Any CPU
		{117EA358-0C8E-46E6-BDD7-BC816E381237}.Release|iPhone.Build.0 = Release|Any CPU
		{117EA358-0C8E-46E6-BDD7-BC816E381237}.Release|iPhoneSimulator.ActiveCfg = Release|Any CPU
		{117EA358-0C8E-46E6-BDD7-BC816E381237}.Release|iPhoneSimulator.Build.0 = Release|Any CPU
		{117EA358-0C8E-46E6-BDD7-BC816E381237}.Release|Mixed Platforms.ActiveCfg = Release|Any CPU
		{117EA358-0C8E-46E6-BDD7-BC816E381237}.Release|Mixed Platforms.Build.0 = Release|Any CPU
		{117EA358-0C8E-46E6-BDD7-BC816E381237}.Release|x86.ActiveCfg = Release|Any CPU
		{117EA358-0C8E-46E6-BDD7-BC816E381237}.Release|x86.Build.0 = Release|Any CPU
		{239D7367-336F-4372-93A1-5CC4BD2414FE}.Ad-Hoc|Any CPU.ActiveCfg = Debug|Any CPU
		{239D7367-336F-4372-93A1-5CC4BD2414FE}.Ad-Hoc|Any CPU.Build.0 = Debug|Any CPU
		{239D7367-336F-4372-93A1-5CC4BD2414FE}.Ad-Hoc|ARM.ActiveCfg = Debug|Any CPU
		{239D7367-336F-4372-93A1-5CC4BD2414FE}.Ad-Hoc|ARM.Build.0 = Debug|Any CPU
		{239D7367-336F-4372-93A1-5CC4BD2414FE}.Ad-Hoc|iPhone.ActiveCfg = Debug|Any CPU
		{239D7367-336F-4372-93A1-5CC4BD2414FE}.Ad-Hoc|iPhone.Build.0 = Debug|Any CPU
		{239D7367-336F-4372-93A1-5CC4BD2414FE}.Ad-Hoc|iPhoneSimulator.ActiveCfg = Debug|Any CPU
		{239D7367-336F-4372-93A1-5CC4BD2414FE}.Ad-Hoc|iPhoneSimulator.Build.0 = Debug|Any CPU
		{239D7367-336F-4372-93A1-5CC4BD2414FE}.Ad-Hoc|Mixed Platforms.ActiveCfg = Debug|Any CPU
		{239D7367-336F-4372-93A1-5CC4BD2414FE}.Ad-Hoc|Mixed Platforms.Build.0 = Debug|Any CPU
		{239D7367-336F-4372-93A1-5CC4BD2414FE}.Ad-Hoc|x86.ActiveCfg = Debug|Any CPU
		{239D7367-336F-4372-93A1-5CC4BD2414FE}.Ad-Hoc|x86.Build.0 = Debug|Any CPU
		{239D7367-336F-4372-93A1-5CC4BD2414FE}.AppStore|Any CPU.ActiveCfg = Debug|Any CPU
		{239D7367-336F-4372-93A1-5CC4BD2414FE}.AppStore|Any CPU.Build.0 = Debug|Any CPU
		{239D7367-336F-4372-93A1-5CC4BD2414FE}.AppStore|ARM.ActiveCfg = Debug|Any CPU
		{239D7367-336F-4372-93A1-5CC4BD2414FE}.AppStore|ARM.Build.0 = Debug|Any CPU
		{239D7367-336F-4372-93A1-5CC4BD2414FE}.AppStore|iPhone.ActiveCfg = Debug|Any CPU
		{239D7367-336F-4372-93A1-5CC4BD2414FE}.AppStore|iPhone.Build.0 = Debug|Any CPU
		{239D7367-336F-4372-93A1-5CC4BD2414FE}.AppStore|iPhoneSimulator.ActiveCfg = Debug|Any CPU
		{239D7367-336F-4372-93A1-5CC4BD2414FE}.AppStore|iPhoneSimulator.Build.0 = Debug|Any CPU
		{239D7367-336F-4372-93A1-5CC4BD2414FE}.AppStore|Mixed Platforms.ActiveCfg = Debug|Any CPU
		{239D7367-336F-4372-93A1-5CC4BD2414FE}.AppStore|Mixed Platforms.Build.0 = Debug|Any CPU
		{239D7367-336F-4372-93A1-5CC4BD2414FE}.AppStore|x86.ActiveCfg = Debug|Any CPU
		{239D7367-336F-4372-93A1-5CC4BD2414FE}.AppStore|x86.Build.0 = Debug|Any CPU
		{239D7367-336F-4372-93A1-5CC4BD2414FE}.Debug|Any CPU.ActiveCfg = Debug|Any CPU
		{239D7367-336F-4372-93A1-5CC4BD2414FE}.Debug|Any CPU.Build.0 = Debug|Any CPU
		{239D7367-336F-4372-93A1-5CC4BD2414FE}.Debug|ARM.ActiveCfg = Debug|Any CPU
		{239D7367-336F-4372-93A1-5CC4BD2414FE}.Debug|ARM.Build.0 = Debug|Any CPU
		{239D7367-336F-4372-93A1-5CC4BD2414FE}.Debug|iPhone.ActiveCfg = Debug|Any CPU
		{239D7367-336F-4372-93A1-5CC4BD2414FE}.Debug|iPhone.Build.0 = Debug|Any CPU
		{239D7367-336F-4372-93A1-5CC4BD2414FE}.Debug|iPhoneSimulator.ActiveCfg = Debug|Any CPU
		{239D7367-336F-4372-93A1-5CC4BD2414FE}.Debug|iPhoneSimulator.Build.0 = Debug|Any CPU
		{239D7367-336F-4372-93A1-5CC4BD2414FE}.Debug|Mixed Platforms.ActiveCfg = Debug|Any CPU
		{239D7367-336F-4372-93A1-5CC4BD2414FE}.Debug|Mixed Platforms.Build.0 = Debug|Any CPU
		{239D7367-336F-4372-93A1-5CC4BD2414FE}.Debug|x86.ActiveCfg = Debug|Any CPU
		{239D7367-336F-4372-93A1-5CC4BD2414FE}.Debug|x86.Build.0 = Debug|Any CPU
		{239D7367-336F-4372-93A1-5CC4BD2414FE}.Release|Any CPU.ActiveCfg = Release|Any CPU
		{239D7367-336F-4372-93A1-5CC4BD2414FE}.Release|Any CPU.Build.0 = Release|Any CPU
		{239D7367-336F-4372-93A1-5CC4BD2414FE}.Release|ARM.ActiveCfg = Release|Any CPU
		{239D7367-336F-4372-93A1-5CC4BD2414FE}.Release|ARM.Build.0 = Release|Any CPU
		{239D7367-336F-4372-93A1-5CC4BD2414FE}.Release|iPhone.ActiveCfg = Release|Any CPU
		{239D7367-336F-4372-93A1-5CC4BD2414FE}.Release|iPhone.Build.0 = Release|Any CPU
		{239D7367-336F-4372-93A1-5CC4BD2414FE}.Release|iPhoneSimulator.ActiveCfg = Release|Any CPU
		{239D7367-336F-4372-93A1-5CC4BD2414FE}.Release|iPhoneSimulator.Build.0 = Release|Any CPU
		{239D7367-336F-4372-93A1-5CC4BD2414FE}.Release|Mixed Platforms.ActiveCfg = Release|Any CPU
		{239D7367-336F-4372-93A1-5CC4BD2414FE}.Release|Mixed Platforms.Build.0 = Release|Any CPU
		{239D7367-336F-4372-93A1-5CC4BD2414FE}.Release|x86.ActiveCfg = Release|Any CPU
		{239D7367-336F-4372-93A1-5CC4BD2414FE}.Release|x86.Build.0 = Release|Any CPU
		{9133C51A-D93C-46B4-AFA1-3C6BFC12FF55}.Ad-Hoc|Any CPU.ActiveCfg = Debug|Any CPU
		{9133C51A-D93C-46B4-AFA1-3C6BFC12FF55}.Ad-Hoc|Any CPU.Build.0 = Debug|Any CPU
		{9133C51A-D93C-46B4-AFA1-3C6BFC12FF55}.Ad-Hoc|ARM.ActiveCfg = Debug|Any CPU
		{9133C51A-D93C-46B4-AFA1-3C6BFC12FF55}.Ad-Hoc|ARM.Build.0 = Debug|Any CPU
		{9133C51A-D93C-46B4-AFA1-3C6BFC12FF55}.Ad-Hoc|iPhone.ActiveCfg = Debug|Any CPU
		{9133C51A-D93C-46B4-AFA1-3C6BFC12FF55}.Ad-Hoc|iPhone.Build.0 = Debug|Any CPU
		{9133C51A-D93C-46B4-AFA1-3C6BFC12FF55}.Ad-Hoc|iPhoneSimulator.ActiveCfg = Debug|Any CPU
		{9133C51A-D93C-46B4-AFA1-3C6BFC12FF55}.Ad-Hoc|iPhoneSimulator.Build.0 = Debug|Any CPU
		{9133C51A-D93C-46B4-AFA1-3C6BFC12FF55}.Ad-Hoc|Mixed Platforms.ActiveCfg = Debug|Any CPU
		{9133C51A-D93C-46B4-AFA1-3C6BFC12FF55}.Ad-Hoc|Mixed Platforms.Build.0 = Debug|Any CPU
		{9133C51A-D93C-46B4-AFA1-3C6BFC12FF55}.Ad-Hoc|x86.ActiveCfg = Debug|Any CPU
		{9133C51A-D93C-46B4-AFA1-3C6BFC12FF55}.Ad-Hoc|x86.Build.0 = Debug|Any CPU
		{9133C51A-D93C-46B4-AFA1-3C6BFC12FF55}.AppStore|Any CPU.ActiveCfg = Debug|Any CPU
		{9133C51A-D93C-46B4-AFA1-3C6BFC12FF55}.AppStore|Any CPU.Build.0 = Debug|Any CPU
		{9133C51A-D93C-46B4-AFA1-3C6BFC12FF55}.AppStore|ARM.ActiveCfg = Debug|Any CPU
		{9133C51A-D93C-46B4-AFA1-3C6BFC12FF55}.AppStore|ARM.Build.0 = Debug|Any CPU
		{9133C51A-D93C-46B4-AFA1-3C6BFC12FF55}.AppStore|iPhone.ActiveCfg = Debug|Any CPU
		{9133C51A-D93C-46B4-AFA1-3C6BFC12FF55}.AppStore|iPhone.Build.0 = Debug|Any CPU
		{9133C51A-D93C-46B4-AFA1-3C6BFC12FF55}.AppStore|iPhoneSimulator.ActiveCfg = Debug|Any CPU
		{9133C51A-D93C-46B4-AFA1-3C6BFC12FF55}.AppStore|iPhoneSimulator.Build.0 = Debug|Any CPU
		{9133C51A-D93C-46B4-AFA1-3C6BFC12FF55}.AppStore|Mixed Platforms.ActiveCfg = Debug|Any CPU
		{9133C51A-D93C-46B4-AFA1-3C6BFC12FF55}.AppStore|Mixed Platforms.Build.0 = Debug|Any CPU
		{9133C51A-D93C-46B4-AFA1-3C6BFC12FF55}.AppStore|x86.ActiveCfg = Debug|Any CPU
		{9133C51A-D93C-46B4-AFA1-3C6BFC12FF55}.AppStore|x86.Build.0 = Debug|Any CPU
		{9133C51A-D93C-46B4-AFA1-3C6BFC12FF55}.Debug|Any CPU.ActiveCfg = Debug|Any CPU
		{9133C51A-D93C-46B4-AFA1-3C6BFC12FF55}.Debug|Any CPU.Build.0 = Debug|Any CPU
		{9133C51A-D93C-46B4-AFA1-3C6BFC12FF55}.Debug|ARM.ActiveCfg = Debug|Any CPU
		{9133C51A-D93C-46B4-AFA1-3C6BFC12FF55}.Debug|ARM.Build.0 = Debug|Any CPU
		{9133C51A-D93C-46B4-AFA1-3C6BFC12FF55}.Debug|iPhone.ActiveCfg = Debug|Any CPU
		{9133C51A-D93C-46B4-AFA1-3C6BFC12FF55}.Debug|iPhone.Build.0 = Debug|Any CPU
		{9133C51A-D93C-46B4-AFA1-3C6BFC12FF55}.Debug|iPhoneSimulator.ActiveCfg = Debug|Any CPU
		{9133C51A-D93C-46B4-AFA1-3C6BFC12FF55}.Debug|iPhoneSimulator.Build.0 = Debug|Any CPU
		{9133C51A-D93C-46B4-AFA1-3C6BFC12FF55}.Debug|Mixed Platforms.ActiveCfg = Debug|Any CPU
		{9133C51A-D93C-46B4-AFA1-3C6BFC12FF55}.Debug|Mixed Platforms.Build.0 = Debug|Any CPU
		{9133C51A-D93C-46B4-AFA1-3C6BFC12FF55}.Debug|x86.ActiveCfg = Debug|Any CPU
		{9133C51A-D93C-46B4-AFA1-3C6BFC12FF55}.Debug|x86.Build.0 = Debug|Any CPU
		{9133C51A-D93C-46B4-AFA1-3C6BFC12FF55}.Release|Any CPU.ActiveCfg = Release|Any CPU
		{9133C51A-D93C-46B4-AFA1-3C6BFC12FF55}.Release|Any CPU.Build.0 = Release|Any CPU
		{9133C51A-D93C-46B4-AFA1-3C6BFC12FF55}.Release|ARM.ActiveCfg = Release|Any CPU
		{9133C51A-D93C-46B4-AFA1-3C6BFC12FF55}.Release|ARM.Build.0 = Release|Any CPU
		{9133C51A-D93C-46B4-AFA1-3C6BFC12FF55}.Release|iPhone.ActiveCfg = Release|Any CPU
		{9133C51A-D93C-46B4-AFA1-3C6BFC12FF55}.Release|iPhone.Build.0 = Release|Any CPU
		{9133C51A-D93C-46B4-AFA1-3C6BFC12FF55}.Release|iPhoneSimulator.ActiveCfg = Release|Any CPU
		{9133C51A-D93C-46B4-AFA1-3C6BFC12FF55}.Release|iPhoneSimulator.Build.0 = Release|Any CPU
		{9133C51A-D93C-46B4-AFA1-3C6BFC12FF55}.Release|Mixed Platforms.ActiveCfg = Release|Any CPU
		{9133C51A-D93C-46B4-AFA1-3C6BFC12FF55}.Release|Mixed Platforms.Build.0 = Release|Any CPU
		{9133C51A-D93C-46B4-AFA1-3C6BFC12FF55}.Release|x86.ActiveCfg = Release|Any CPU
		{9133C51A-D93C-46B4-AFA1-3C6BFC12FF55}.Release|x86.Build.0 = Release|Any CPU
		{99B74290-FA90-4A08-B673-D1687EB9BCAB}.Ad-Hoc|Any CPU.ActiveCfg = Debug|iPhoneSimulator
		{99B74290-FA90-4A08-B673-D1687EB9BCAB}.Ad-Hoc|Any CPU.Build.0 = Debug|iPhoneSimulator
		{99B74290-FA90-4A08-B673-D1687EB9BCAB}.Ad-Hoc|ARM.ActiveCfg = Debug|iPhoneSimulator
		{99B74290-FA90-4A08-B673-D1687EB9BCAB}.Ad-Hoc|ARM.Build.0 = Debug|iPhoneSimulator
		{99B74290-FA90-4A08-B673-D1687EB9BCAB}.Ad-Hoc|iPhone.ActiveCfg = Ad-Hoc|iPhone
		{99B74290-FA90-4A08-B673-D1687EB9BCAB}.Ad-Hoc|iPhone.Build.0 = Ad-Hoc|iPhone
		{99B74290-FA90-4A08-B673-D1687EB9BCAB}.Ad-Hoc|iPhoneSimulator.ActiveCfg = Debug|iPhoneSimulator
		{99B74290-FA90-4A08-B673-D1687EB9BCAB}.Ad-Hoc|iPhoneSimulator.Build.0 = Debug|iPhoneSimulator
		{99B74290-FA90-4A08-B673-D1687EB9BCAB}.Ad-Hoc|Mixed Platforms.ActiveCfg = Debug|iPhoneSimulator
		{99B74290-FA90-4A08-B673-D1687EB9BCAB}.Ad-Hoc|Mixed Platforms.Build.0 = Debug|iPhoneSimulator
		{99B74290-FA90-4A08-B673-D1687EB9BCAB}.Ad-Hoc|x86.ActiveCfg = Debug|iPhoneSimulator
		{99B74290-FA90-4A08-B673-D1687EB9BCAB}.Ad-Hoc|x86.Build.0 = Debug|iPhoneSimulator
		{99B74290-FA90-4A08-B673-D1687EB9BCAB}.AppStore|Any CPU.ActiveCfg = Debug|iPhoneSimulator
		{99B74290-FA90-4A08-B673-D1687EB9BCAB}.AppStore|Any CPU.Build.0 = Debug|iPhoneSimulator
		{99B74290-FA90-4A08-B673-D1687EB9BCAB}.AppStore|ARM.ActiveCfg = Debug|iPhoneSimulator
		{99B74290-FA90-4A08-B673-D1687EB9BCAB}.AppStore|ARM.Build.0 = Debug|iPhoneSimulator
		{99B74290-FA90-4A08-B673-D1687EB9BCAB}.AppStore|iPhone.ActiveCfg = AppStore|iPhone
		{99B74290-FA90-4A08-B673-D1687EB9BCAB}.AppStore|iPhone.Build.0 = AppStore|iPhone
		{99B74290-FA90-4A08-B673-D1687EB9BCAB}.AppStore|iPhoneSimulator.ActiveCfg = Debug|iPhoneSimulator
		{99B74290-FA90-4A08-B673-D1687EB9BCAB}.AppStore|iPhoneSimulator.Build.0 = Debug|iPhoneSimulator
		{99B74290-FA90-4A08-B673-D1687EB9BCAB}.AppStore|Mixed Platforms.ActiveCfg = Debug|iPhoneSimulator
		{99B74290-FA90-4A08-B673-D1687EB9BCAB}.AppStore|Mixed Platforms.Build.0 = Debug|iPhoneSimulator
		{99B74290-FA90-4A08-B673-D1687EB9BCAB}.AppStore|x86.ActiveCfg = Debug|iPhoneSimulator
		{99B74290-FA90-4A08-B673-D1687EB9BCAB}.AppStore|x86.Build.0 = Debug|iPhoneSimulator
		{99B74290-FA90-4A08-B673-D1687EB9BCAB}.Debug|Any CPU.ActiveCfg = Debug|iPhoneSimulator
		{99B74290-FA90-4A08-B673-D1687EB9BCAB}.Debug|Any CPU.Build.0 = Debug|iPhoneSimulator
		{99B74290-FA90-4A08-B673-D1687EB9BCAB}.Debug|ARM.ActiveCfg = Debug|iPhoneSimulator
		{99B74290-FA90-4A08-B673-D1687EB9BCAB}.Debug|ARM.Build.0 = Debug|iPhoneSimulator
		{99B74290-FA90-4A08-B673-D1687EB9BCAB}.Debug|iPhone.ActiveCfg = Debug|iPhone
		{99B74290-FA90-4A08-B673-D1687EB9BCAB}.Debug|iPhone.Build.0 = Debug|iPhone
		{99B74290-FA90-4A08-B673-D1687EB9BCAB}.Debug|iPhoneSimulator.ActiveCfg = Debug|iPhoneSimulator
		{99B74290-FA90-4A08-B673-D1687EB9BCAB}.Debug|iPhoneSimulator.Build.0 = Debug|iPhoneSimulator
		{99B74290-FA90-4A08-B673-D1687EB9BCAB}.Debug|Mixed Platforms.ActiveCfg = Debug|iPhoneSimulator
		{99B74290-FA90-4A08-B673-D1687EB9BCAB}.Debug|Mixed Platforms.Build.0 = Debug|iPhoneSimulator
		{99B74290-FA90-4A08-B673-D1687EB9BCAB}.Debug|x86.ActiveCfg = Debug|iPhoneSimulator
		{99B74290-FA90-4A08-B673-D1687EB9BCAB}.Debug|x86.Build.0 = Debug|iPhoneSimulator
		{99B74290-FA90-4A08-B673-D1687EB9BCAB}.Release|Any CPU.ActiveCfg = Debug|iPhoneSimulator
		{99B74290-FA90-4A08-B673-D1687EB9BCAB}.Release|Any CPU.Build.0 = Debug|iPhoneSimulator
		{99B74290-FA90-4A08-B673-D1687EB9BCAB}.Release|ARM.ActiveCfg = Debug|iPhoneSimulator
		{99B74290-FA90-4A08-B673-D1687EB9BCAB}.Release|ARM.Build.0 = Debug|iPhoneSimulator
		{99B74290-FA90-4A08-B673-D1687EB9BCAB}.Release|iPhone.ActiveCfg = Release|iPhone
		{99B74290-FA90-4A08-B673-D1687EB9BCAB}.Release|iPhone.Build.0 = Release|iPhone
		{99B74290-FA90-4A08-B673-D1687EB9BCAB}.Release|iPhoneSimulator.ActiveCfg = Release|iPhoneSimulator
		{99B74290-FA90-4A08-B673-D1687EB9BCAB}.Release|iPhoneSimulator.Build.0 = Release|iPhoneSimulator
		{99B74290-FA90-4A08-B673-D1687EB9BCAB}.Release|Mixed Platforms.ActiveCfg = Debug|iPhoneSimulator
		{99B74290-FA90-4A08-B673-D1687EB9BCAB}.Release|Mixed Platforms.Build.0 = Debug|iPhoneSimulator
		{99B74290-FA90-4A08-B673-D1687EB9BCAB}.Release|x86.ActiveCfg = Debug|iPhoneSimulator
		{99B74290-FA90-4A08-B673-D1687EB9BCAB}.Release|x86.Build.0 = Debug|iPhoneSimulator
		{43A673BF-AF44-4340-9B1F-B204741EA34A}.Ad-Hoc|Any CPU.ActiveCfg = Debug|Any CPU
		{43A673BF-AF44-4340-9B1F-B204741EA34A}.Ad-Hoc|Any CPU.Build.0 = Debug|Any CPU
		{43A673BF-AF44-4340-9B1F-B204741EA34A}.Ad-Hoc|ARM.ActiveCfg = Debug|Any CPU
		{43A673BF-AF44-4340-9B1F-B204741EA34A}.Ad-Hoc|ARM.Build.0 = Debug|Any CPU
		{43A673BF-AF44-4340-9B1F-B204741EA34A}.Ad-Hoc|iPhone.ActiveCfg = Release|Any CPU
		{43A673BF-AF44-4340-9B1F-B204741EA34A}.Ad-Hoc|iPhone.Build.0 = Release|Any CPU
		{43A673BF-AF44-4340-9B1F-B204741EA34A}.Ad-Hoc|iPhoneSimulator.ActiveCfg = Debug|Any CPU
		{43A673BF-AF44-4340-9B1F-B204741EA34A}.Ad-Hoc|iPhoneSimulator.Build.0 = Debug|Any CPU
		{43A673BF-AF44-4340-9B1F-B204741EA34A}.Ad-Hoc|Mixed Platforms.ActiveCfg = Debug|Any CPU
		{43A673BF-AF44-4340-9B1F-B204741EA34A}.Ad-Hoc|Mixed Platforms.Build.0 = Debug|Any CPU
		{43A673BF-AF44-4340-9B1F-B204741EA34A}.Ad-Hoc|x86.ActiveCfg = Debug|Any CPU
		{43A673BF-AF44-4340-9B1F-B204741EA34A}.Ad-Hoc|x86.Build.0 = Debug|Any CPU
		{43A673BF-AF44-4340-9B1F-B204741EA34A}.AppStore|Any CPU.ActiveCfg = Debug|Any CPU
		{43A673BF-AF44-4340-9B1F-B204741EA34A}.AppStore|Any CPU.Build.0 = Debug|Any CPU
		{43A673BF-AF44-4340-9B1F-B204741EA34A}.AppStore|ARM.ActiveCfg = Debug|Any CPU
		{43A673BF-AF44-4340-9B1F-B204741EA34A}.AppStore|ARM.Build.0 = Debug|Any CPU
		{43A673BF-AF44-4340-9B1F-B204741EA34A}.AppStore|iPhone.ActiveCfg = Release|Any CPU
		{43A673BF-AF44-4340-9B1F-B204741EA34A}.AppStore|iPhone.Build.0 = Release|Any CPU
		{43A673BF-AF44-4340-9B1F-B204741EA34A}.AppStore|iPhoneSimulator.ActiveCfg = Debug|Any CPU
		{43A673BF-AF44-4340-9B1F-B204741EA34A}.AppStore|iPhoneSimulator.Build.0 = Debug|Any CPU
		{43A673BF-AF44-4340-9B1F-B204741EA34A}.AppStore|Mixed Platforms.ActiveCfg = Debug|Any CPU
		{43A673BF-AF44-4340-9B1F-B204741EA34A}.AppStore|Mixed Platforms.Build.0 = Debug|Any CPU
		{43A673BF-AF44-4340-9B1F-B204741EA34A}.AppStore|x86.ActiveCfg = Debug|Any CPU
		{43A673BF-AF44-4340-9B1F-B204741EA34A}.AppStore|x86.Build.0 = Debug|Any CPU
		{43A673BF-AF44-4340-9B1F-B204741EA34A}.Debug|Any CPU.ActiveCfg = Debug|Any CPU
		{43A673BF-AF44-4340-9B1F-B204741EA34A}.Debug|Any CPU.Build.0 = Debug|Any CPU
		{43A673BF-AF44-4340-9B1F-B204741EA34A}.Debug|ARM.ActiveCfg = Debug|Any CPU
		{43A673BF-AF44-4340-9B1F-B204741EA34A}.Debug|ARM.Build.0 = Debug|Any CPU
		{43A673BF-AF44-4340-9B1F-B204741EA34A}.Debug|iPhone.ActiveCfg = Debug|Any CPU
		{43A673BF-AF44-4340-9B1F-B204741EA34A}.Debug|iPhone.Build.0 = Debug|Any CPU
		{43A673BF-AF44-4340-9B1F-B204741EA34A}.Debug|iPhoneSimulator.ActiveCfg = Debug|Any CPU
		{43A673BF-AF44-4340-9B1F-B204741EA34A}.Debug|iPhoneSimulator.Build.0 = Debug|Any CPU
		{43A673BF-AF44-4340-9B1F-B204741EA34A}.Debug|Mixed Platforms.ActiveCfg = Debug|Any CPU
		{43A673BF-AF44-4340-9B1F-B204741EA34A}.Debug|Mixed Platforms.Build.0 = Debug|Any CPU
		{43A673BF-AF44-4340-9B1F-B204741EA34A}.Debug|x86.ActiveCfg = Debug|Any CPU
		{43A673BF-AF44-4340-9B1F-B204741EA34A}.Debug|x86.Build.0 = Debug|Any CPU
		{43A673BF-AF44-4340-9B1F-B204741EA34A}.Release|Any CPU.ActiveCfg = Release|Any CPU
		{43A673BF-AF44-4340-9B1F-B204741EA34A}.Release|Any CPU.Build.0 = Release|Any CPU
		{43A673BF-AF44-4340-9B1F-B204741EA34A}.Release|ARM.ActiveCfg = Release|Any CPU
		{43A673BF-AF44-4340-9B1F-B204741EA34A}.Release|ARM.Build.0 = Release|Any CPU
		{43A673BF-AF44-4340-9B1F-B204741EA34A}.Release|iPhone.ActiveCfg = Release|Any CPU
		{43A673BF-AF44-4340-9B1F-B204741EA34A}.Release|iPhone.Build.0 = Release|Any CPU
		{43A673BF-AF44-4340-9B1F-B204741EA34A}.Release|iPhoneSimulator.ActiveCfg = Release|Any CPU
		{43A673BF-AF44-4340-9B1F-B204741EA34A}.Release|iPhoneSimulator.Build.0 = Release|Any CPU
		{43A673BF-AF44-4340-9B1F-B204741EA34A}.Release|Mixed Platforms.ActiveCfg = Release|Any CPU
		{43A673BF-AF44-4340-9B1F-B204741EA34A}.Release|Mixed Platforms.Build.0 = Release|Any CPU
		{43A673BF-AF44-4340-9B1F-B204741EA34A}.Release|x86.ActiveCfg = Release|Any CPU
		{43A673BF-AF44-4340-9B1F-B204741EA34A}.Release|x86.Build.0 = Release|Any CPU
		{74169B27-D403-4CC6-A143-B6DAF7BCF36C}.Ad-Hoc|Any CPU.ActiveCfg = Release|Any CPU
		{74169B27-D403-4CC6-A143-B6DAF7BCF36C}.Ad-Hoc|Any CPU.Build.0 = Release|Any CPU
		{74169B27-D403-4CC6-A143-B6DAF7BCF36C}.Ad-Hoc|ARM.ActiveCfg = Release|ARM
		{74169B27-D403-4CC6-A143-B6DAF7BCF36C}.Ad-Hoc|ARM.Build.0 = Release|ARM
		{74169B27-D403-4CC6-A143-B6DAF7BCF36C}.Ad-Hoc|iPhone.ActiveCfg = Release|Any CPU
		{74169B27-D403-4CC6-A143-B6DAF7BCF36C}.Ad-Hoc|iPhone.Build.0 = Release|Any CPU
		{74169B27-D403-4CC6-A143-B6DAF7BCF36C}.Ad-Hoc|iPhoneSimulator.ActiveCfg = Release|Any CPU
		{74169B27-D403-4CC6-A143-B6DAF7BCF36C}.Ad-Hoc|iPhoneSimulator.Build.0 = Release|Any CPU
		{74169B27-D403-4CC6-A143-B6DAF7BCF36C}.Ad-Hoc|Mixed Platforms.ActiveCfg = Release|x86
		{74169B27-D403-4CC6-A143-B6DAF7BCF36C}.Ad-Hoc|Mixed Platforms.Build.0 = Release|x86
		{74169B27-D403-4CC6-A143-B6DAF7BCF36C}.Ad-Hoc|x86.ActiveCfg = Release|x86
		{74169B27-D403-4CC6-A143-B6DAF7BCF36C}.Ad-Hoc|x86.Build.0 = Release|x86
		{74169B27-D403-4CC6-A143-B6DAF7BCF36C}.AppStore|Any CPU.ActiveCfg = Release|Any CPU
		{74169B27-D403-4CC6-A143-B6DAF7BCF36C}.AppStore|Any CPU.Build.0 = Release|Any CPU
		{74169B27-D403-4CC6-A143-B6DAF7BCF36C}.AppStore|ARM.ActiveCfg = Release|ARM
		{74169B27-D403-4CC6-A143-B6DAF7BCF36C}.AppStore|ARM.Build.0 = Release|ARM
		{74169B27-D403-4CC6-A143-B6DAF7BCF36C}.AppStore|iPhone.ActiveCfg = Release|Any CPU
		{74169B27-D403-4CC6-A143-B6DAF7BCF36C}.AppStore|iPhone.Build.0 = Release|Any CPU
		{74169B27-D403-4CC6-A143-B6DAF7BCF36C}.AppStore|iPhoneSimulator.ActiveCfg = Release|Any CPU
		{74169B27-D403-4CC6-A143-B6DAF7BCF36C}.AppStore|iPhoneSimulator.Build.0 = Release|Any CPU
		{74169B27-D403-4CC6-A143-B6DAF7BCF36C}.AppStore|Mixed Platforms.ActiveCfg = Release|x86
		{74169B27-D403-4CC6-A143-B6DAF7BCF36C}.AppStore|Mixed Platforms.Build.0 = Release|x86
		{74169B27-D403-4CC6-A143-B6DAF7BCF36C}.AppStore|x86.ActiveCfg = Release|x86
		{74169B27-D403-4CC6-A143-B6DAF7BCF36C}.AppStore|x86.Build.0 = Release|x86
		{74169B27-D403-4CC6-A143-B6DAF7BCF36C}.Debug|Any CPU.ActiveCfg = Debug|Any CPU
		{74169B27-D403-4CC6-A143-B6DAF7BCF36C}.Debug|Any CPU.Build.0 = Debug|Any CPU
		{74169B27-D403-4CC6-A143-B6DAF7BCF36C}.Debug|ARM.ActiveCfg = Debug|ARM
		{74169B27-D403-4CC6-A143-B6DAF7BCF36C}.Debug|ARM.Build.0 = Debug|ARM
		{74169B27-D403-4CC6-A143-B6DAF7BCF36C}.Debug|iPhone.ActiveCfg = Debug|Any CPU
		{74169B27-D403-4CC6-A143-B6DAF7BCF36C}.Debug|iPhone.Build.0 = Debug|Any CPU
		{74169B27-D403-4CC6-A143-B6DAF7BCF36C}.Debug|iPhoneSimulator.ActiveCfg = Debug|Any CPU
		{74169B27-D403-4CC6-A143-B6DAF7BCF36C}.Debug|iPhoneSimulator.Build.0 = Debug|Any CPU
		{74169B27-D403-4CC6-A143-B6DAF7BCF36C}.Debug|Mixed Platforms.ActiveCfg = Debug|x86
		{74169B27-D403-4CC6-A143-B6DAF7BCF36C}.Debug|Mixed Platforms.Build.0 = Debug|x86
		{74169B27-D403-4CC6-A143-B6DAF7BCF36C}.Debug|x86.ActiveCfg = Debug|x86
		{74169B27-D403-4CC6-A143-B6DAF7BCF36C}.Debug|x86.Build.0 = Debug|x86
		{74169B27-D403-4CC6-A143-B6DAF7BCF36C}.Release|Any CPU.ActiveCfg = Release|Any CPU
		{74169B27-D403-4CC6-A143-B6DAF7BCF36C}.Release|Any CPU.Build.0 = Release|Any CPU
		{74169B27-D403-4CC6-A143-B6DAF7BCF36C}.Release|ARM.ActiveCfg = Release|ARM
		{74169B27-D403-4CC6-A143-B6DAF7BCF36C}.Release|ARM.Build.0 = Release|ARM
		{74169B27-D403-4CC6-A143-B6DAF7BCF36C}.Release|iPhone.ActiveCfg = Release|Any CPU
		{74169B27-D403-4CC6-A143-B6DAF7BCF36C}.Release|iPhone.Build.0 = Release|Any CPU
		{74169B27-D403-4CC6-A143-B6DAF7BCF36C}.Release|iPhoneSimulator.ActiveCfg = Release|Any CPU
		{74169B27-D403-4CC6-A143-B6DAF7BCF36C}.Release|iPhoneSimulator.Build.0 = Release|Any CPU
		{74169B27-D403-4CC6-A143-B6DAF7BCF36C}.Release|Mixed Platforms.ActiveCfg = Release|x86
		{74169B27-D403-4CC6-A143-B6DAF7BCF36C}.Release|Mixed Platforms.Build.0 = Release|x86
		{74169B27-D403-4CC6-A143-B6DAF7BCF36C}.Release|x86.ActiveCfg = Release|x86
		{74169B27-D403-4CC6-A143-B6DAF7BCF36C}.Release|x86.Build.0 = Release|x86
		{89CF6A12-0D3D-406F-BED1-01A9F989696D}.Ad-Hoc|Any CPU.ActiveCfg = Release|Any CPU
		{89CF6A12-0D3D-406F-BED1-01A9F989696D}.Ad-Hoc|Any CPU.Build.0 = Release|Any CPU
		{89CF6A12-0D3D-406F-BED1-01A9F989696D}.Ad-Hoc|Any CPU.Deploy.0 = Release|Any CPU
		{89CF6A12-0D3D-406F-BED1-01A9F989696D}.Ad-Hoc|ARM.ActiveCfg = Release|ARM
		{89CF6A12-0D3D-406F-BED1-01A9F989696D}.Ad-Hoc|ARM.Build.0 = Release|ARM
		{89CF6A12-0D3D-406F-BED1-01A9F989696D}.Ad-Hoc|ARM.Deploy.0 = Release|ARM
		{89CF6A12-0D3D-406F-BED1-01A9F989696D}.Ad-Hoc|iPhone.ActiveCfg = Release|Any CPU
		{89CF6A12-0D3D-406F-BED1-01A9F989696D}.Ad-Hoc|iPhone.Build.0 = Release|Any CPU
		{89CF6A12-0D3D-406F-BED1-01A9F989696D}.Ad-Hoc|iPhone.Deploy.0 = Release|Any CPU
		{89CF6A12-0D3D-406F-BED1-01A9F989696D}.Ad-Hoc|iPhoneSimulator.ActiveCfg = Release|Any CPU
		{89CF6A12-0D3D-406F-BED1-01A9F989696D}.Ad-Hoc|iPhoneSimulator.Build.0 = Release|Any CPU
		{89CF6A12-0D3D-406F-BED1-01A9F989696D}.Ad-Hoc|iPhoneSimulator.Deploy.0 = Release|Any CPU
		{89CF6A12-0D3D-406F-BED1-01A9F989696D}.Ad-Hoc|Mixed Platforms.ActiveCfg = Release|x86
		{89CF6A12-0D3D-406F-BED1-01A9F989696D}.Ad-Hoc|Mixed Platforms.Build.0 = Release|x86
		{89CF6A12-0D3D-406F-BED1-01A9F989696D}.Ad-Hoc|Mixed Platforms.Deploy.0 = Release|x86
		{89CF6A12-0D3D-406F-BED1-01A9F989696D}.Ad-Hoc|x86.ActiveCfg = Release|x86
		{89CF6A12-0D3D-406F-BED1-01A9F989696D}.Ad-Hoc|x86.Build.0 = Release|x86
		{89CF6A12-0D3D-406F-BED1-01A9F989696D}.Ad-Hoc|x86.Deploy.0 = Release|x86
		{89CF6A12-0D3D-406F-BED1-01A9F989696D}.AppStore|Any CPU.ActiveCfg = Release|Any CPU
		{89CF6A12-0D3D-406F-BED1-01A9F989696D}.AppStore|Any CPU.Build.0 = Release|Any CPU
		{89CF6A12-0D3D-406F-BED1-01A9F989696D}.AppStore|Any CPU.Deploy.0 = Release|Any CPU
		{89CF6A12-0D3D-406F-BED1-01A9F989696D}.AppStore|ARM.ActiveCfg = Release|ARM
		{89CF6A12-0D3D-406F-BED1-01A9F989696D}.AppStore|ARM.Build.0 = Release|ARM
		{89CF6A12-0D3D-406F-BED1-01A9F989696D}.AppStore|ARM.Deploy.0 = Release|ARM
		{89CF6A12-0D3D-406F-BED1-01A9F989696D}.AppStore|iPhone.ActiveCfg = Release|Any CPU
		{89CF6A12-0D3D-406F-BED1-01A9F989696D}.AppStore|iPhone.Build.0 = Release|Any CPU
		{89CF6A12-0D3D-406F-BED1-01A9F989696D}.AppStore|iPhone.Deploy.0 = Release|Any CPU
		{89CF6A12-0D3D-406F-BED1-01A9F989696D}.AppStore|iPhoneSimulator.ActiveCfg = Release|Any CPU
		{89CF6A12-0D3D-406F-BED1-01A9F989696D}.AppStore|iPhoneSimulator.Build.0 = Release|Any CPU
		{89CF6A12-0D3D-406F-BED1-01A9F989696D}.AppStore|iPhoneSimulator.Deploy.0 = Release|Any CPU
		{89CF6A12-0D3D-406F-BED1-01A9F989696D}.AppStore|Mixed Platforms.ActiveCfg = Release|x86
		{89CF6A12-0D3D-406F-BED1-01A9F989696D}.AppStore|Mixed Platforms.Build.0 = Release|x86
		{89CF6A12-0D3D-406F-BED1-01A9F989696D}.AppStore|Mixed Platforms.Deploy.0 = Release|x86
		{89CF6A12-0D3D-406F-BED1-01A9F989696D}.AppStore|x86.ActiveCfg = Release|x86
		{89CF6A12-0D3D-406F-BED1-01A9F989696D}.AppStore|x86.Build.0 = Release|x86
		{89CF6A12-0D3D-406F-BED1-01A9F989696D}.AppStore|x86.Deploy.0 = Release|x86
		{89CF6A12-0D3D-406F-BED1-01A9F989696D}.Debug|Any CPU.ActiveCfg = Debug|Any CPU
		{89CF6A12-0D3D-406F-BED1-01A9F989696D}.Debug|Any CPU.Build.0 = Debug|Any CPU
		{89CF6A12-0D3D-406F-BED1-01A9F989696D}.Debug|Any CPU.Deploy.0 = Debug|Any CPU
		{89CF6A12-0D3D-406F-BED1-01A9F989696D}.Debug|ARM.ActiveCfg = Debug|ARM
		{89CF6A12-0D3D-406F-BED1-01A9F989696D}.Debug|ARM.Build.0 = Debug|ARM
		{89CF6A12-0D3D-406F-BED1-01A9F989696D}.Debug|ARM.Deploy.0 = Debug|ARM
		{89CF6A12-0D3D-406F-BED1-01A9F989696D}.Debug|iPhone.ActiveCfg = Debug|Any CPU
		{89CF6A12-0D3D-406F-BED1-01A9F989696D}.Debug|iPhone.Build.0 = Debug|Any CPU
		{89CF6A12-0D3D-406F-BED1-01A9F989696D}.Debug|iPhone.Deploy.0 = Debug|Any CPU
		{89CF6A12-0D3D-406F-BED1-01A9F989696D}.Debug|iPhoneSimulator.ActiveCfg = Debug|Any CPU
		{89CF6A12-0D3D-406F-BED1-01A9F989696D}.Debug|iPhoneSimulator.Build.0 = Debug|Any CPU
		{89CF6A12-0D3D-406F-BED1-01A9F989696D}.Debug|iPhoneSimulator.Deploy.0 = Debug|Any CPU
		{89CF6A12-0D3D-406F-BED1-01A9F989696D}.Debug|Mixed Platforms.ActiveCfg = Debug|x86
		{89CF6A12-0D3D-406F-BED1-01A9F989696D}.Debug|Mixed Platforms.Build.0 = Debug|x86
		{89CF6A12-0D3D-406F-BED1-01A9F989696D}.Debug|Mixed Platforms.Deploy.0 = Debug|x86
		{89CF6A12-0D3D-406F-BED1-01A9F989696D}.Debug|x86.ActiveCfg = Debug|x86
		{89CF6A12-0D3D-406F-BED1-01A9F989696D}.Debug|x86.Build.0 = Debug|x86
		{89CF6A12-0D3D-406F-BED1-01A9F989696D}.Debug|x86.Deploy.0 = Debug|x86
		{89CF6A12-0D3D-406F-BED1-01A9F989696D}.Release|Any CPU.ActiveCfg = Release|Any CPU
		{89CF6A12-0D3D-406F-BED1-01A9F989696D}.Release|Any CPU.Build.0 = Release|Any CPU
		{89CF6A12-0D3D-406F-BED1-01A9F989696D}.Release|Any CPU.Deploy.0 = Release|Any CPU
		{89CF6A12-0D3D-406F-BED1-01A9F989696D}.Release|ARM.ActiveCfg = Release|ARM
		{89CF6A12-0D3D-406F-BED1-01A9F989696D}.Release|ARM.Build.0 = Release|ARM
		{89CF6A12-0D3D-406F-BED1-01A9F989696D}.Release|ARM.Deploy.0 = Release|ARM
		{89CF6A12-0D3D-406F-BED1-01A9F989696D}.Release|iPhone.ActiveCfg = Release|Any CPU
		{89CF6A12-0D3D-406F-BED1-01A9F989696D}.Release|iPhone.Build.0 = Release|Any CPU
		{89CF6A12-0D3D-406F-BED1-01A9F989696D}.Release|iPhone.Deploy.0 = Release|Any CPU
		{89CF6A12-0D3D-406F-BED1-01A9F989696D}.Release|iPhoneSimulator.ActiveCfg = Release|Any CPU
		{89CF6A12-0D3D-406F-BED1-01A9F989696D}.Release|iPhoneSimulator.Build.0 = Release|Any CPU
		{89CF6A12-0D3D-406F-BED1-01A9F989696D}.Release|iPhoneSimulator.Deploy.0 = Release|Any CPU
		{89CF6A12-0D3D-406F-BED1-01A9F989696D}.Release|Mixed Platforms.ActiveCfg = Release|x86
		{89CF6A12-0D3D-406F-BED1-01A9F989696D}.Release|Mixed Platforms.Build.0 = Release|x86
		{89CF6A12-0D3D-406F-BED1-01A9F989696D}.Release|Mixed Platforms.Deploy.0 = Release|x86
		{89CF6A12-0D3D-406F-BED1-01A9F989696D}.Release|x86.ActiveCfg = Release|x86
		{89CF6A12-0D3D-406F-BED1-01A9F989696D}.Release|x86.Build.0 = Release|x86
		{89CF6A12-0D3D-406F-BED1-01A9F989696D}.Release|x86.Deploy.0 = Release|x86
		{F8A2BB2F-BA3F-4FAD-B0C2-E004F8580717}.Ad-Hoc|Any CPU.ActiveCfg = Release|Any CPU
		{F8A2BB2F-BA3F-4FAD-B0C2-E004F8580717}.Ad-Hoc|Any CPU.Build.0 = Release|Any CPU
		{F8A2BB2F-BA3F-4FAD-B0C2-E004F8580717}.Ad-Hoc|ARM.ActiveCfg = Release|ARM
		{F8A2BB2F-BA3F-4FAD-B0C2-E004F8580717}.Ad-Hoc|ARM.Build.0 = Release|ARM
		{F8A2BB2F-BA3F-4FAD-B0C2-E004F8580717}.Ad-Hoc|iPhone.ActiveCfg = Release|Any CPU
		{F8A2BB2F-BA3F-4FAD-B0C2-E004F8580717}.Ad-Hoc|iPhone.Build.0 = Release|Any CPU
		{F8A2BB2F-BA3F-4FAD-B0C2-E004F8580717}.Ad-Hoc|iPhoneSimulator.ActiveCfg = Release|Any CPU
		{F8A2BB2F-BA3F-4FAD-B0C2-E004F8580717}.Ad-Hoc|iPhoneSimulator.Build.0 = Release|Any CPU
		{F8A2BB2F-BA3F-4FAD-B0C2-E004F8580717}.Ad-Hoc|Mixed Platforms.ActiveCfg = Release|x86
		{F8A2BB2F-BA3F-4FAD-B0C2-E004F8580717}.Ad-Hoc|Mixed Platforms.Build.0 = Release|x86
		{F8A2BB2F-BA3F-4FAD-B0C2-E004F8580717}.Ad-Hoc|x86.ActiveCfg = Release|x86
		{F8A2BB2F-BA3F-4FAD-B0C2-E004F8580717}.Ad-Hoc|x86.Build.0 = Release|x86
		{F8A2BB2F-BA3F-4FAD-B0C2-E004F8580717}.AppStore|Any CPU.ActiveCfg = Release|Any CPU
		{F8A2BB2F-BA3F-4FAD-B0C2-E004F8580717}.AppStore|Any CPU.Build.0 = Release|Any CPU
		{F8A2BB2F-BA3F-4FAD-B0C2-E004F8580717}.AppStore|ARM.ActiveCfg = Release|ARM
		{F8A2BB2F-BA3F-4FAD-B0C2-E004F8580717}.AppStore|ARM.Build.0 = Release|ARM
		{F8A2BB2F-BA3F-4FAD-B0C2-E004F8580717}.AppStore|iPhone.ActiveCfg = Release|Any CPU
		{F8A2BB2F-BA3F-4FAD-B0C2-E004F8580717}.AppStore|iPhone.Build.0 = Release|Any CPU
		{F8A2BB2F-BA3F-4FAD-B0C2-E004F8580717}.AppStore|iPhoneSimulator.ActiveCfg = Release|Any CPU
		{F8A2BB2F-BA3F-4FAD-B0C2-E004F8580717}.AppStore|iPhoneSimulator.Build.0 = Release|Any CPU
		{F8A2BB2F-BA3F-4FAD-B0C2-E004F8580717}.AppStore|Mixed Platforms.ActiveCfg = Release|x86
		{F8A2BB2F-BA3F-4FAD-B0C2-E004F8580717}.AppStore|Mixed Platforms.Build.0 = Release|x86
		{F8A2BB2F-BA3F-4FAD-B0C2-E004F8580717}.AppStore|x86.ActiveCfg = Release|x86
		{F8A2BB2F-BA3F-4FAD-B0C2-E004F8580717}.AppStore|x86.Build.0 = Release|x86
		{F8A2BB2F-BA3F-4FAD-B0C2-E004F8580717}.Debug|Any CPU.ActiveCfg = Debug|Any CPU
		{F8A2BB2F-BA3F-4FAD-B0C2-E004F8580717}.Debug|Any CPU.Build.0 = Debug|Any CPU
		{F8A2BB2F-BA3F-4FAD-B0C2-E004F8580717}.Debug|ARM.ActiveCfg = Debug|ARM
		{F8A2BB2F-BA3F-4FAD-B0C2-E004F8580717}.Debug|ARM.Build.0 = Debug|ARM
		{F8A2BB2F-BA3F-4FAD-B0C2-E004F8580717}.Debug|iPhone.ActiveCfg = Debug|Any CPU
		{F8A2BB2F-BA3F-4FAD-B0C2-E004F8580717}.Debug|iPhone.Build.0 = Debug|Any CPU
		{F8A2BB2F-BA3F-4FAD-B0C2-E004F8580717}.Debug|iPhoneSimulator.ActiveCfg = Debug|Any CPU
		{F8A2BB2F-BA3F-4FAD-B0C2-E004F8580717}.Debug|iPhoneSimulator.Build.0 = Debug|Any CPU
		{F8A2BB2F-BA3F-4FAD-B0C2-E004F8580717}.Debug|Mixed Platforms.ActiveCfg = Debug|x86
		{F8A2BB2F-BA3F-4FAD-B0C2-E004F8580717}.Debug|Mixed Platforms.Build.0 = Debug|x86
		{F8A2BB2F-BA3F-4FAD-B0C2-E004F8580717}.Debug|x86.ActiveCfg = Debug|x86
		{F8A2BB2F-BA3F-4FAD-B0C2-E004F8580717}.Debug|x86.Build.0 = Debug|x86
		{F8A2BB2F-BA3F-4FAD-B0C2-E004F8580717}.Release|Any CPU.ActiveCfg = Release|Any CPU
		{F8A2BB2F-BA3F-4FAD-B0C2-E004F8580717}.Release|Any CPU.Build.0 = Release|Any CPU
		{F8A2BB2F-BA3F-4FAD-B0C2-E004F8580717}.Release|ARM.ActiveCfg = Release|ARM
		{F8A2BB2F-BA3F-4FAD-B0C2-E004F8580717}.Release|ARM.Build.0 = Release|ARM
		{F8A2BB2F-BA3F-4FAD-B0C2-E004F8580717}.Release|iPhone.ActiveCfg = Release|Any CPU
		{F8A2BB2F-BA3F-4FAD-B0C2-E004F8580717}.Release|iPhone.Build.0 = Release|Any CPU
		{F8A2BB2F-BA3F-4FAD-B0C2-E004F8580717}.Release|iPhoneSimulator.ActiveCfg = Release|Any CPU
		{F8A2BB2F-BA3F-4FAD-B0C2-E004F8580717}.Release|iPhoneSimulator.Build.0 = Release|Any CPU
		{F8A2BB2F-BA3F-4FAD-B0C2-E004F8580717}.Release|Mixed Platforms.ActiveCfg = Release|x86
		{F8A2BB2F-BA3F-4FAD-B0C2-E004F8580717}.Release|Mixed Platforms.Build.0 = Release|x86
		{F8A2BB2F-BA3F-4FAD-B0C2-E004F8580717}.Release|x86.ActiveCfg = Release|x86
		{F8A2BB2F-BA3F-4FAD-B0C2-E004F8580717}.Release|x86.Build.0 = Release|x86
		{47428332-2782-47EC-B4BC-71AA7CAFBE2B}.Ad-Hoc|Any CPU.ActiveCfg = Release|Any CPU
		{47428332-2782-47EC-B4BC-71AA7CAFBE2B}.Ad-Hoc|Any CPU.Build.0 = Release|Any CPU
		{47428332-2782-47EC-B4BC-71AA7CAFBE2B}.Ad-Hoc|Any CPU.Deploy.0 = Release|Any CPU
		{47428332-2782-47EC-B4BC-71AA7CAFBE2B}.Ad-Hoc|ARM.ActiveCfg = Release|ARM
		{47428332-2782-47EC-B4BC-71AA7CAFBE2B}.Ad-Hoc|ARM.Build.0 = Release|ARM
		{47428332-2782-47EC-B4BC-71AA7CAFBE2B}.Ad-Hoc|ARM.Deploy.0 = Release|ARM
		{47428332-2782-47EC-B4BC-71AA7CAFBE2B}.Ad-Hoc|iPhone.ActiveCfg = Release|Any CPU
		{47428332-2782-47EC-B4BC-71AA7CAFBE2B}.Ad-Hoc|iPhone.Build.0 = Release|Any CPU
		{47428332-2782-47EC-B4BC-71AA7CAFBE2B}.Ad-Hoc|iPhone.Deploy.0 = Release|Any CPU
		{47428332-2782-47EC-B4BC-71AA7CAFBE2B}.Ad-Hoc|iPhoneSimulator.ActiveCfg = Release|Any CPU
		{47428332-2782-47EC-B4BC-71AA7CAFBE2B}.Ad-Hoc|iPhoneSimulator.Build.0 = Release|Any CPU
		{47428332-2782-47EC-B4BC-71AA7CAFBE2B}.Ad-Hoc|iPhoneSimulator.Deploy.0 = Release|Any CPU
		{47428332-2782-47EC-B4BC-71AA7CAFBE2B}.Ad-Hoc|Mixed Platforms.ActiveCfg = Release|x86
		{47428332-2782-47EC-B4BC-71AA7CAFBE2B}.Ad-Hoc|Mixed Platforms.Build.0 = Release|x86
		{47428332-2782-47EC-B4BC-71AA7CAFBE2B}.Ad-Hoc|Mixed Platforms.Deploy.0 = Release|x86
		{47428332-2782-47EC-B4BC-71AA7CAFBE2B}.Ad-Hoc|x86.ActiveCfg = Release|x86
		{47428332-2782-47EC-B4BC-71AA7CAFBE2B}.Ad-Hoc|x86.Build.0 = Release|x86
		{47428332-2782-47EC-B4BC-71AA7CAFBE2B}.Ad-Hoc|x86.Deploy.0 = Release|x86
		{47428332-2782-47EC-B4BC-71AA7CAFBE2B}.AppStore|Any CPU.ActiveCfg = Release|Any CPU
		{47428332-2782-47EC-B4BC-71AA7CAFBE2B}.AppStore|Any CPU.Build.0 = Release|Any CPU
		{47428332-2782-47EC-B4BC-71AA7CAFBE2B}.AppStore|Any CPU.Deploy.0 = Release|Any CPU
		{47428332-2782-47EC-B4BC-71AA7CAFBE2B}.AppStore|ARM.ActiveCfg = Release|ARM
		{47428332-2782-47EC-B4BC-71AA7CAFBE2B}.AppStore|ARM.Build.0 = Release|ARM
		{47428332-2782-47EC-B4BC-71AA7CAFBE2B}.AppStore|ARM.Deploy.0 = Release|ARM
		{47428332-2782-47EC-B4BC-71AA7CAFBE2B}.AppStore|iPhone.ActiveCfg = Release|Any CPU
		{47428332-2782-47EC-B4BC-71AA7CAFBE2B}.AppStore|iPhone.Build.0 = Release|Any CPU
		{47428332-2782-47EC-B4BC-71AA7CAFBE2B}.AppStore|iPhone.Deploy.0 = Release|Any CPU
		{47428332-2782-47EC-B4BC-71AA7CAFBE2B}.AppStore|iPhoneSimulator.ActiveCfg = Release|Any CPU
		{47428332-2782-47EC-B4BC-71AA7CAFBE2B}.AppStore|iPhoneSimulator.Build.0 = Release|Any CPU
		{47428332-2782-47EC-B4BC-71AA7CAFBE2B}.AppStore|iPhoneSimulator.Deploy.0 = Release|Any CPU
		{47428332-2782-47EC-B4BC-71AA7CAFBE2B}.AppStore|Mixed Platforms.ActiveCfg = Release|x86
		{47428332-2782-47EC-B4BC-71AA7CAFBE2B}.AppStore|Mixed Platforms.Build.0 = Release|x86
		{47428332-2782-47EC-B4BC-71AA7CAFBE2B}.AppStore|Mixed Platforms.Deploy.0 = Release|x86
		{47428332-2782-47EC-B4BC-71AA7CAFBE2B}.AppStore|x86.ActiveCfg = Release|x86
		{47428332-2782-47EC-B4BC-71AA7CAFBE2B}.AppStore|x86.Build.0 = Release|x86
		{47428332-2782-47EC-B4BC-71AA7CAFBE2B}.AppStore|x86.Deploy.0 = Release|x86
		{47428332-2782-47EC-B4BC-71AA7CAFBE2B}.Debug|Any CPU.ActiveCfg = Debug|Any CPU
		{47428332-2782-47EC-B4BC-71AA7CAFBE2B}.Debug|Any CPU.Build.0 = Debug|Any CPU
		{47428332-2782-47EC-B4BC-71AA7CAFBE2B}.Debug|Any CPU.Deploy.0 = Debug|Any CPU
		{47428332-2782-47EC-B4BC-71AA7CAFBE2B}.Debug|ARM.ActiveCfg = Debug|ARM
		{47428332-2782-47EC-B4BC-71AA7CAFBE2B}.Debug|ARM.Build.0 = Debug|ARM
		{47428332-2782-47EC-B4BC-71AA7CAFBE2B}.Debug|ARM.Deploy.0 = Debug|ARM
		{47428332-2782-47EC-B4BC-71AA7CAFBE2B}.Debug|iPhone.ActiveCfg = Debug|Any CPU
		{47428332-2782-47EC-B4BC-71AA7CAFBE2B}.Debug|iPhone.Build.0 = Debug|Any CPU
		{47428332-2782-47EC-B4BC-71AA7CAFBE2B}.Debug|iPhone.Deploy.0 = Debug|Any CPU
		{47428332-2782-47EC-B4BC-71AA7CAFBE2B}.Debug|iPhoneSimulator.ActiveCfg = Debug|Any CPU
		{47428332-2782-47EC-B4BC-71AA7CAFBE2B}.Debug|iPhoneSimulator.Build.0 = Debug|Any CPU
		{47428332-2782-47EC-B4BC-71AA7CAFBE2B}.Debug|iPhoneSimulator.Deploy.0 = Debug|Any CPU
		{47428332-2782-47EC-B4BC-71AA7CAFBE2B}.Debug|Mixed Platforms.ActiveCfg = Debug|x86
		{47428332-2782-47EC-B4BC-71AA7CAFBE2B}.Debug|Mixed Platforms.Build.0 = Debug|x86
		{47428332-2782-47EC-B4BC-71AA7CAFBE2B}.Debug|Mixed Platforms.Deploy.0 = Debug|x86
		{47428332-2782-47EC-B4BC-71AA7CAFBE2B}.Debug|x86.ActiveCfg = Debug|x86
		{47428332-2782-47EC-B4BC-71AA7CAFBE2B}.Debug|x86.Build.0 = Debug|x86
		{47428332-2782-47EC-B4BC-71AA7CAFBE2B}.Debug|x86.Deploy.0 = Debug|x86
		{47428332-2782-47EC-B4BC-71AA7CAFBE2B}.Release|Any CPU.ActiveCfg = Release|Any CPU
		{47428332-2782-47EC-B4BC-71AA7CAFBE2B}.Release|Any CPU.Build.0 = Release|Any CPU
		{47428332-2782-47EC-B4BC-71AA7CAFBE2B}.Release|Any CPU.Deploy.0 = Release|Any CPU
		{47428332-2782-47EC-B4BC-71AA7CAFBE2B}.Release|ARM.ActiveCfg = Release|ARM
		{47428332-2782-47EC-B4BC-71AA7CAFBE2B}.Release|ARM.Build.0 = Release|ARM
		{47428332-2782-47EC-B4BC-71AA7CAFBE2B}.Release|ARM.Deploy.0 = Release|ARM
		{47428332-2782-47EC-B4BC-71AA7CAFBE2B}.Release|iPhone.ActiveCfg = Release|Any CPU
		{47428332-2782-47EC-B4BC-71AA7CAFBE2B}.Release|iPhone.Build.0 = Release|Any CPU
		{47428332-2782-47EC-B4BC-71AA7CAFBE2B}.Release|iPhone.Deploy.0 = Release|Any CPU
		{47428332-2782-47EC-B4BC-71AA7CAFBE2B}.Release|iPhoneSimulator.ActiveCfg = Release|Any CPU
		{47428332-2782-47EC-B4BC-71AA7CAFBE2B}.Release|iPhoneSimulator.Build.0 = Release|Any CPU
		{47428332-2782-47EC-B4BC-71AA7CAFBE2B}.Release|iPhoneSimulator.Deploy.0 = Release|Any CPU
		{47428332-2782-47EC-B4BC-71AA7CAFBE2B}.Release|Mixed Platforms.ActiveCfg = Release|x86
		{47428332-2782-47EC-B4BC-71AA7CAFBE2B}.Release|Mixed Platforms.Build.0 = Release|x86
		{47428332-2782-47EC-B4BC-71AA7CAFBE2B}.Release|Mixed Platforms.Deploy.0 = Release|x86
		{47428332-2782-47EC-B4BC-71AA7CAFBE2B}.Release|x86.ActiveCfg = Release|x86
		{47428332-2782-47EC-B4BC-71AA7CAFBE2B}.Release|x86.Build.0 = Release|x86
		{47428332-2782-47EC-B4BC-71AA7CAFBE2B}.Release|x86.Deploy.0 = Release|x86
	EndGlobalSection
	GlobalSection(SolutionProperties) = preSolution
		HideSolutionNode = FALSE
	EndGlobalSection
	GlobalSection(NestedProjects) = preSolution
		{CF27E017-266D-4AFE-9D47-4E15AC78C049} = {22E1FF9D-8646-4D0D-8E8F-001F26C8EDF9}
		{117EA358-0C8E-46E6-BDD7-BC816E381237} = {97654689-EDE0-45C9-BF07-4C9A87FFF3EE}
		{239D7367-336F-4372-93A1-5CC4BD2414FE} = {22E1FF9D-8646-4D0D-8E8F-001F26C8EDF9}
		{9133C51A-D93C-46B4-AFA1-3C6BFC12FF55} = {22E1FF9D-8646-4D0D-8E8F-001F26C8EDF9}
		{99B74290-FA90-4A08-B673-D1687EB9BCAB} = {97654689-EDE0-45C9-BF07-4C9A87FFF3EE}
		{43A673BF-AF44-4340-9B1F-B204741EA34A} = {97654689-EDE0-45C9-BF07-4C9A87FFF3EE}
		{74169B27-D403-4CC6-A143-B6DAF7BCF36C} = {22E1FF9D-8646-4D0D-8E8F-001F26C8EDF9}
		{89CF6A12-0D3D-406F-BED1-01A9F989696D} = {97654689-EDE0-45C9-BF07-4C9A87FFF3EE}
		{F8A2BB2F-BA3F-4FAD-B0C2-E004F8580717} = {22E1FF9D-8646-4D0D-8E8F-001F26C8EDF9}
		{47428332-2782-47EC-B4BC-71AA7CAFBE2B} = {97654689-EDE0-45C9-BF07-4C9A87FFF3EE}
	EndGlobalSection
EndGlobal
